
Microsoft Visual Studio Solution File, Format Version 12.00
# Visual Studio Version 16
VisualStudioVersion = 16.0.31624.102
MinimumVisualStudioVersion = 10.0.40219.1
Project("{FAE04EC0-301F-11D3-BF4B-00C04F79EFBC}") = "StartToBike", "StartToBike\StartToBike.csproj", "{A9D9E3D6-40F2-4D63-BC49-F07CC2ECAF19}"
EndProject
Project("{FAE04EC0-301F-11D3-BF4B-00C04F79EFBC}") = "StartToBike.Tests", "StartToBike.Tests\StartToBike.Tests.csproj", "{C768DFCA-57D4-4DB3-9E3C-8A3CE84BD944}"
EndProject
Global
	GlobalSection(SolutionConfigurationPlatforms) = preSolution
		Debug|Any CPU = Debug|Any CPU
		Release|Any CPU = Release|Any CPU
	EndGlobalSection
	GlobalSection(ProjectConfigurationPlatforms) = postSolution
		{A9D9E3D6-40F2-4D63-BC49-F07CC2ECAF19}.Debug|Any CPU.ActiveCfg = Debug|Any CPU
		{A9D9E3D6-40F2-4D63-BC49-F07CC2ECAF19}.Debug|Any CPU.Build.0 = Debug|Any CPU
		{A9D9E3D6-40F2-4D63-BC49-F07CC2ECAF19}.Release|Any CPU.ActiveCfg = Release|Any CPU
		{A9D9E3D6-40F2-4D63-BC49-F07CC2ECAF19}.Release|Any CPU.Build.0 = Release|Any CPU
		{C768DFCA-57D4-4DB3-9E3C-8A3CE84BD944}.Debug|Any CPU.ActiveCfg = Debug|Any CPU
		{C768DFCA-57D4-4DB3-9E3C-8A3CE84BD944}.Debug|Any CPU.Build.0 = Debug|Any CPU
		{C768DFCA-57D4-4DB3-9E3C-8A3CE84BD944}.Release|Any CPU.ActiveCfg = Release|Any CPU
		{C768DFCA-57D4-4DB3-9E3C-8A3CE84BD944}.Release|Any CPU.Build.0 = Release|Any CPU
	EndGlobalSection
	GlobalSection(SolutionProperties) = preSolution
		HideSolutionNode = FALSE
	EndGlobalSection
	GlobalSection(ExtensibilityGlobals) = postSolution
		SolutionGuid = {AC4CE068-99DC-462B-9B09-B8605773DFA4}
	EndGlobalSection
EndGlobal
